
Microsoft Visual Studio Solution File, Format Version 12.00
# Visual Studio 15
VisualStudioVersion = 15.0.28307.1062
MinimumVisualStudioVersion = 10.0.40219.1
Project("{FAE04EC0-301F-11D3-BF4B-00C04F79EFBC}") = "SheldueChecker.Android", "SheldueChecker\SheldueChecker.Android\SheldueChecker.Android.csproj", "{D420B4F1-5DCC-4956-9996-08816A7503DE}"
EndProject
Project("{FAE04EC0-301F-11D3-BF4B-00C04F79EFBC}") = "SheldueChecker", "SheldueChecker\SheldueChecker\SheldueChecker.csproj", "{75D63884-4DEE-4BF2-B46D-3CD1644C5C4D}"
EndProject
Global
	GlobalSection(SolutionConfigurationPlatforms) = preSolution
		Debug|Any CPU = Debug|Any CPU
		Release|Any CPU = Release|Any CPU
	EndGlobalSection
	GlobalSection(ProjectConfigurationPlatforms) = postSolution
		{D420B4F1-5DCC-4956-9996-08816A7503DE}.Debug|Any CPU.ActiveCfg = Debug|Any CPU
		{D420B4F1-5DCC-4956-9996-08816A7503DE}.Debug|Any CPU.Build.0 = Debug|Any CPU
		{D420B4F1-5DCC-4956-9996-08816A7503DE}.Debug|Any CPU.Deploy.0 = Debug|Any CPU
		{D420B4F1-5DCC-4956-9996-08816A7503DE}.Release|Any CPU.ActiveCfg = Release|Any CPU
		{D420B4F1-5DCC-4956-9996-08816A7503DE}.Release|Any CPU.Build.0 = Release|Any CPU
		{D420B4F1-5DCC-4956-9996-08816A7503DE}.Release|Any CPU.Deploy.0 = Release|Any CPU
		{75D63884-4DEE-4BF2-B46D-3CD1644C5C4D}.Debug|Any CPU.ActiveCfg = Debug|Any CPU
		{75D63884-4DEE-4BF2-B46D-3CD1644C5C4D}.Debug|Any CPU.Build.0 = Debug|Any CPU
		{75D63884-4DEE-4BF2-B46D-3CD1644C5C4D}.Debug|Any CPU.Deploy.0 = Debug|Any CPU
		{75D63884-4DEE-4BF2-B46D-3CD1644C5C4D}.Release|Any CPU.ActiveCfg = Release|Any CPU
		{75D63884-4DEE-4BF2-B46D-3CD1644C5C4D}.Release|Any CPU.Build.0 = Release|Any CPU
		{75D63884-4DEE-4BF2-B46D-3CD1644C5C4D}.Release|Any CPU.Deploy.0 = Release|Any CPU
	EndGlobalSection
	GlobalSection(SolutionProperties) = preSolution
		HideSolutionNode = FALSE
	EndGlobalSection
	GlobalSection(ExtensibilityGlobals) = postSolution
		SolutionGuid = {8716E320-AA83-41B9-8C88-1A8C1A449695}
	EndGlobalSection
EndGlobal
